
Microsoft Visual Studio Solution File, Format Version 12.00
# Visual Studio Version 17
VisualStudioVersion = 17.7.34221.43
MinimumVisualStudioVersion = 10.0.40219.1
Project("{FAE04EC0-301F-11D3-BF4B-00C04F79EFBC}") = "Kt1", "Kt1\Kt1.csproj", "{F8326B2B-E690-446B-A743-D199D119A343}"
EndProject
Global
	GlobalSection(SolutionConfigurationPlatforms) = preSolution
		Debug|Any CPU = Debug|Any CPU
		Release|Any CPU = Release|Any CPU
	EndGlobalSection
	GlobalSection(ProjectConfigurationPlatforms) = postSolution
		{F8326B2B-E690-446B-A743-D199D119A343}.Debug|Any CPU.ActiveCfg = Debug|Any CPU
		{F8326B2B-E690-446B-A743-D199D119A343}.Debug|Any CPU.Build.0 = Debug|Any CPU
		{F8326B2B-E690-446B-A743-D199D119A343}.Release|Any CPU.ActiveCfg = Release|Any CPU
		{F8326B2B-E690-446B-A743-D199D119A343}.Release|Any CPU.Build.0 = Release|Any CPU
	EndGlobalSection
	GlobalSection(SolutionProperties) = preSolution
		HideSolutionNode = FALSE
	EndGlobalSection
	GlobalSection(ExtensibilityGlobals) = postSolution
		SolutionGuid = {5981C335-3967-4A68-B90B-7748541E6C02}
	EndGlobalSection
EndGlobal
